Microsoft Visual Studio Solution File, Format Version 12.00
# Visual Studio Version 17
VisualStudioVersion = 17.5.2.0
MinimumVisualStudioVersion = 10.0.40219.1
Project("{FAE04EC0-301F-11D3-BF4B-00C04F79EFBC}") = "func_uksouth_poc_by", "func_uksouth_poc_by.csproj", "{67F2E883-105F-730F-C1FC-EAD1CF3FD847}"
EndProject
Global
	GlobalSection(SolutionConfigurationPlatforms) = preSolution
		Debug|Any CPU = Debug|Any CPU
		Release|Any CPU = Release|Any CPU
	EndGlobalSection
	GlobalSection(ProjectConfigurationPlatforms) = postSolution
		{67F2E883-105F-730F-C1FC-EAD1CF3FD847}.Debug|Any CPU.ActiveCfg = Debug|Any CPU
		{67F2E883-105F-730F-C1FC-EAD1CF3FD847}.Debug|Any CPU.Build.0 = Debug|Any CPU
		{67F2E883-105F-730F-C1FC-EAD1CF3FD847}.Release|Any CPU.ActiveCfg = Release|Any CPU
		{67F2E883-105F-730F-C1FC-EAD1CF3FD847}.Release|Any CPU.Build.0 = Release|Any CPU
	EndGlobalSection
	GlobalSection(SolutionProperties) = preSolution
		HideSolutionNode = FALSE
	EndGlobalSection
	GlobalSection(ExtensibilityGlobals) = postSolution
		SolutionGuid = {E1937ABB-2974-40D5-BE04-17D6A0470BE7}
	EndGlobalSection
EndGlobal
